
Microsoft Visual Studio Solution File, Format Version 10.00
# Visual Studio 2008
Project("{8BC9CEB8-8B4A-11D0-8D11-00A0C91BC942}") = "AIEngine", "AIEngine\AIEngine.vcproj", "{B63E6C8F-0F46-433E-8C44-20BDB362E1E2}"
EndProject
Project("{8BC9CEB8-8B4A-11D0-8D11-00A0C91BC942}") = "ShootingSystem", "ShootingSystem\ShootingSystem.vcproj", "{FE2AF4DF-D2AA-4EC8-8E56-F493B0415E9F}"
EndProject
Project("{8BC9CEB8-8B4A-11D0-8D11-00A0C91BC942}") = "GameFramework", "GameFramework\GameFramework.vcproj", "{504362BF-8D22-471D-B07A-8BFE8213C213}"
EndProject
Project("{8BC9CEB8-8B4A-11D0-8D11-00A0C91BC942}") = "GameSystem", "GameSystem\GameSystem.vcproj", "{F28B0602-9A8E-4B9B-BBB4-F0EE8A71A20E}"
EndProject
Project("{8BC9CEB8-8B4A-11D0-8D11-00A0C91BC942}") = "幽明幻境I", "幽明幻境I\幽明幻境I.vcproj", "{CE8CE9A6-4096-4187-9E74-94306ECD9720}"
EndProject
Project("{8BC9CEB8-8B4A-11D0-8D11-00A0C91BC942}") = "Sound", "Sound\Sound.vcproj", "{2E351E82-4E41-492A-80AB-F3EFB1B1A362}"
EndProject
Project("{8BC9CEB8-8B4A-11D0-8D11-00A0C91BC942}") = "Video", "Video\Video.vcproj", "{A1742D85-69F3-4750-9A5E-70DA8EE27BA6}"
EndProject
Project("{8BC9CEB8-8B4A-11D0-8D11-00A0C91BC942}") = "hgeTTF2", "hgeTTF2\hgeTTF2.vcproj", "{36DED50C-7AA8-4E0B-B343-6AFCFA53AC20}"
EndProject
Global
	GlobalSection(SolutionConfigurationPlatforms) = preSolution
		Debug|Win32 = Debug|Win32
		Release|Win32 = Release|Win32
	EndGlobalSection
	GlobalSection(ProjectConfigurationPlatforms) = postSolution
		{B63E6C8F-0F46-433E-8C44-20BDB362E1E2}.Debug|Win32.ActiveCfg = Debug|Win32
		{B63E6C8F-0F46-433E-8C44-20BDB362E1E2}.Debug|Win32.Build.0 = Debug|Win32
		{B63E6C8F-0F46-433E-8C44-20BDB362E1E2}.Release|Win32.ActiveCfg = Release|Win32
		{B63E6C8F-0F46-433E-8C44-20BDB362E1E2}.Release|Win32.Build.0 = Release|Win32
		{FE2AF4DF-D2AA-4EC8-8E56-F493B0415E9F}.Debug|Win32.ActiveCfg = Debug|Win32
		{FE2AF4DF-D2AA-4EC8-8E56-F493B0415E9F}.Debug|Win32.Build.0 = Debug|Win32
		{FE2AF4DF-D2AA-4EC8-8E56-F493B0415E9F}.Release|Win32.ActiveCfg = Release|Win32
		{FE2AF4DF-D2AA-4EC8-8E56-F493B0415E9F}.Release|Win32.Build.0 = Release|Win32
		{504362BF-8D22-471D-B07A-8BFE8213C213}.Debug|Win32.ActiveCfg = Debug|Win32
		{504362BF-8D22-471D-B07A-8BFE8213C213}.Debug|Win32.Build.0 = Debug|Win32
		{504362BF-8D22-471D-B07A-8BFE8213C213}.Release|Win32.ActiveCfg = Release|Win32
		{504362BF-8D22-471D-B07A-8BFE8213C213}.Release|Win32.Build.0 = Release|Win32
		{F28B0602-9A8E-4B9B-BBB4-F0EE8A71A20E}.Debug|Win32.ActiveCfg = Debug|Win32
		{F28B0602-9A8E-4B9B-BBB4-F0EE8A71A20E}.Debug|Win32.Build.0 = Debug|Win32
		{F28B0602-9A8E-4B9B-BBB4-F0EE8A71A20E}.Release|Win32.ActiveCfg = Release|Win32
		{F28B0602-9A8E-4B9B-BBB4-F0EE8A71A20E}.Release|Win32.Build.0 = Release|Win32
		{CE8CE9A6-4096-4187-9E74-94306ECD9720}.Debug|Win32.ActiveCfg = Debug|Win32
		{CE8CE9A6-4096-4187-9E74-94306ECD9720}.Debug|Win32.Build.0 = Debug|Win32
		{CE8CE9A6-4096-4187-9E74-94306ECD9720}.Release|Win32.ActiveCfg = Release|Win32
		{CE8CE9A6-4096-4187-9E74-94306ECD9720}.Release|Win32.Build.0 = Release|Win32
		{2E351E82-4E41-492A-80AB-F3EFB1B1A362}.Debug|Win32.ActiveCfg = Debug|Win32
		{2E351E82-4E41-492A-80AB-F3EFB1B1A362}.Debug|Win32.Build.0 = Debug|Win32
		{2E351E82-4E41-492A-80AB-F3EFB1B1A362}.Release|Win32.ActiveCfg = Release|Win32
		{2E351E82-4E41-492A-80AB-F3EFB1B1A362}.Release|Win32.Build.0 = Release|Win32
		{A1742D85-69F3-4750-9A5E-70DA8EE27BA6}.Debug|Win32.ActiveCfg = Debug|Win32
		{A1742D85-69F3-4750-9A5E-70DA8EE27BA6}.Debug|Win32.Build.0 = Debug|Win32
		{A1742D85-69F3-4750-9A5E-70DA8EE27BA6}.Release|Win32.ActiveCfg = Release|Win32
		{A1742D85-69F3-4750-9A5E-70DA8EE27BA6}.Release|Win32.Build.0 = Release|Win32
		{36DED50C-7AA8-4E0B-B343-6AFCFA53AC20}.Debug|Win32.ActiveCfg = Debug|Win32
		{36DED50C-7AA8-4E0B-B343-6AFCFA53AC20}.Debug|Win32.Build.0 = Debug|Win32
		{36DED50C-7AA8-4E0B-B343-6AFCFA53AC20}.Release|Win32.ActiveCfg = Release|Win32
		{36DED50C-7AA8-4E0B-B343-6AFCFA53AC20}.Release|Win32.Build.0 = Release|Win32
	EndGlobalSection
	GlobalSection(SolutionProperties) = preSolution
		HideSolutionNode = FALSE
	EndGlobalSection
EndGlobal
